
Microsoft Visual Studio Solution File, Format Version 12.00
# Visual Studio Version 16
VisualStudioVersion = 16.0.30517.126
MinimumVisualStudioVersion = 10.0.40219.1
Project("{FAE04EC0-301F-11D3-BF4B-00C04F79EFBC}") = "Mochileitor3DView", "Mochileitor3DView.csproj", "{FD64255C-1B69-41D2-A764-7BDDC08C61CD}"
EndProject
Global
	GlobalSection(SolutionConfigurationPlatforms) = preSolution
		Debug|Any CPU = Debug|Any CPU
		Release|Any CPU = Release|Any CPU
	EndGlobalSection
	GlobalSection(ProjectConfigurationPlatforms) = postSolution
		{FD64255C-1B69-41D2-A764-7BDDC08C61CD}.Debug|Any CPU.ActiveCfg = Debug|Any CPU
		{FD64255C-1B69-41D2-A764-7BDDC08C61CD}.Debug|Any CPU.Build.0 = Debug|Any CPU
		{FD64255C-1B69-41D2-A764-7BDDC08C61CD}.Release|Any CPU.ActiveCfg = Release|Any CPU
		{FD64255C-1B69-41D2-A764-7BDDC08C61CD}.Release|Any CPU.Build.0 = Release|Any CPU
	EndGlobalSection
	GlobalSection(SolutionProperties) = preSolution
		HideSolutionNode = FALSE
	EndGlobalSection
	GlobalSection(ExtensibilityGlobals) = postSolution
		SolutionGuid = {A5F2CCEA-9FD4-4BBC-96AC-633995432DC2}
	EndGlobalSection
EndGlobal
